
Microsoft Visual Studio Solution File, Format Version 12.00
# Visual Studio Version 16
VisualStudioVersion = 16.0.29519.181
MinimumVisualStudioVersion = 10.0.40219.1
Project("{FAE04EC0-301F-11D3-BF4B-00C04F79EFBC}") = "Program to find Product of 2 Numbers using Recursion", "Program to find Product of 2 Numbers using Recursion\Program to find Product of 2 Numbers using Recursion.csproj", "{8FF09C71-8C64-4FEF-8694-6FB05AA10DBD}"
EndProject
Global
	GlobalSection(SolutionConfigurationPlatforms) = preSolution
		Debug|Any CPU = Debug|Any CPU
		Release|Any CPU = Release|Any CPU
	EndGlobalSection
	GlobalSection(ProjectConfigurationPlatforms) = postSolution
		{8FF09C71-8C64-4FEF-8694-6FB05AA10DBD}.Debug|Any CPU.ActiveCfg = Debug|Any CPU
		{8FF09C71-8C64-4FEF-8694-6FB05AA10DBD}.Debug|Any CPU.Build.0 = Debug|Any CPU
		{8FF09C71-8C64-4FEF-8694-6FB05AA10DBD}.Release|Any CPU.ActiveCfg = Release|Any CPU
		{8FF09C71-8C64-4FEF-8694-6FB05AA10DBD}.Release|Any CPU.Build.0 = Release|Any CPU
	EndGlobalSection
	GlobalSection(SolutionProperties) = preSolution
		HideSolutionNode = FALSE
	EndGlobalSection
	GlobalSection(ExtensibilityGlobals) = postSolution
		SolutionGuid = {992DBE69-B518-4E04-9225-6EEBB8A5ED44}
	EndGlobalSection
EndGlobal
